
Microsoft Visual Studio Solution File, Format Version 12.00
# Visual Studio Version 16
VisualStudioVersion = 16.0.30611.23
MinimumVisualStudioVersion = 10.0.40219.1
Project("{FAE04EC0-301F-11D3-BF4B-00C04F79EFBC}") = "Biblioteka", "Biblioteka\Biblioteka.csproj", "{32DF55A5-66AE-47C7-91D0-BAE74299DF37}"
EndProject
Project("{9A19103F-16F7-4668-BE54-9A1E7A4F7556}") = "Bibliotekaa", "Bibliotekaa\Bibliotekaa.csproj", "{C96E48EC-97AA-4904-AC50-063F8715A540}"
EndProject
Global
	GlobalSection(SolutionConfigurationPlatforms) = preSolution
		Debug|Any CPU = Debug|Any CPU
		Release|Any CPU = Release|Any CPU
	EndGlobalSection
	GlobalSection(ProjectConfigurationPlatforms) = postSolution
		{32DF55A5-66AE-47C7-91D0-BAE74299DF37}.Debug|Any CPU.ActiveCfg = Debug|Any CPU
		{32DF55A5-66AE-47C7-91D0-BAE74299DF37}.Debug|Any CPU.Build.0 = Debug|Any CPU
		{32DF55A5-66AE-47C7-91D0-BAE74299DF37}.Release|Any CPU.ActiveCfg = Release|Any CPU
		{32DF55A5-66AE-47C7-91D0-BAE74299DF37}.Release|Any CPU.Build.0 = Release|Any CPU
		{C96E48EC-97AA-4904-AC50-063F8715A540}.Debug|Any CPU.ActiveCfg = Debug|Any CPU
		{C96E48EC-97AA-4904-AC50-063F8715A540}.Debug|Any CPU.Build.0 = Debug|Any CPU
		{C96E48EC-97AA-4904-AC50-063F8715A540}.Release|Any CPU.ActiveCfg = Release|Any CPU
		{C96E48EC-97AA-4904-AC50-063F8715A540}.Release|Any CPU.Build.0 = Release|Any CPU
	EndGlobalSection
	GlobalSection(SolutionProperties) = preSolution
		HideSolutionNode = FALSE
	EndGlobalSection
	GlobalSection(ExtensibilityGlobals) = postSolution
		SolutionGuid = {A7BEC340-08CE-47FF-9056-EA23E470A222}
	EndGlobalSection
EndGlobal
